
Microsoft Visual Studio Solution File, Format Version 12.00
# Visual Studio 15
VisualStudioVersion = 15.0.28307.421
MinimumVisualStudioVersion = 10.0.40219.1
Project("{FAE04EC0-301F-11D3-BF4B-00C04F79EFBC}") = "Hello5", "Hello5\Hello5.csproj", "{AF16096E-5075-44B7-994D-E6DFC7C56C24}"
EndProject
Global
	GlobalSection(SolutionConfigurationPlatforms) = preSolution
		Debug|Any CPU = Debug|Any CPU
		Release|Any CPU = Release|Any CPU
	EndGlobalSection
	GlobalSection(ProjectConfigurationPlatforms) = postSolution
		{AF16096E-5075-44B7-994D-E6DFC7C56C24}.Debug|Any CPU.ActiveCfg = Debug|Any CPU
		{AF16096E-5075-44B7-994D-E6DFC7C56C24}.Debug|Any CPU.Build.0 = Debug|Any CPU
		{AF16096E-5075-44B7-994D-E6DFC7C56C24}.Debug|Any CPU.Deploy.0 = Debug|Any CPU
		{AF16096E-5075-44B7-994D-E6DFC7C56C24}.Release|Any CPU.ActiveCfg = Release|Any CPU
		{AF16096E-5075-44B7-994D-E6DFC7C56C24}.Release|Any CPU.Build.0 = Release|Any CPU
		{AF16096E-5075-44B7-994D-E6DFC7C56C24}.Release|Any CPU.Deploy.0 = Release|Any CPU
	EndGlobalSection
	GlobalSection(SolutionProperties) = preSolution
		HideSolutionNode = FALSE
	EndGlobalSection
	GlobalSection(ExtensibilityGlobals) = postSolution
		SolutionGuid = {5ADE3579-2CA1-4A29-B7A0-AAE5BCB8C557}
	EndGlobalSection
EndGlobal
